{
  "generated_at": "2026-07-30",
  "components": {
    "erpclaw": {
      "repository": "https://github.com/avansaber/erpclaw.git",
      "commit": "4ae975868ba4de8a651905e2d87b6107ac0e88de",
      "path": "vendor/erpclaw",
      "license": "GPL-3.0",
      "local_patch": "patches/erpclaw-nextgen.patch.gz"
    },
    "erpclaw-web": {
      "repository": "https://github.com/avansaber/erpclaw-web.git",
      "commit": "898ed5fd5945b4cbda7feaefc665b3dc6beb2fdc",
      "path": "vendor/erpclaw-web",
      "license": "GPL-3.0",
      "local_branch": "nextgen-thailand",
      "local_patch": "patches/erpclaw-web-nextgen.patch.gz"
    },
    "frappe": {
      "repository": "https://github.com/frappe/frappe.git",
      "commit": "5c16f12192815204a7eda2b2ab365a557a6e7def",
      "version": "v16.20.0",
      "path": "vendor/frappe",
      "license": "MIT"
    },
    "erpnext": {
      "repository": "https://github.com/frappe/erpnext.git",
      "commit": "ff46d20b259a2d65a7ded959df9f9a42991a3562",
      "version": "v16.20.0",
      "path": "vendor/erpnext",
      "license": "GPL-3.0"
    },
    "payments": {
      "repository": "https://github.com/frappe/payments.git",
      "commit": "cca07d9f9392e2ea0e521c5975151db9e4b6c321",
      "branch": "version-16",
      "license": "MIT"
    },
    "webshop": {
      "repository": "https://github.com/frappe/webshop.git",
      "commit": "3afd734a495d5869f05a4f0ae36fc76330eb7734",
      "branch": "version-16",
      "license": "GPL-3.0"
    },
    "crm": {
      "repository": "https://github.com/frappe/crm.git",
      "commit": "bf1b7f07ac01b6ac435f25db7ccef6b52807720e",
      "version": "v1.72.0",
      "branch": "main",
      "frappe_ui_commit": "61d6228d38e0a74dc2c207ede6a04dcea4c408be",
      "license": "AGPL-3.0"
    },
    "hrms": {
      "repository": "https://github.com/frappe/hrms.git",
      "commit": "a29cc8875aab1f22707b011568f5f1f190861fc8",
      "version": "v16.7.0",
      "branch": "version-16",
      "frappe_ui_commit": "863eaae9ada2edb287fc09fb21d05212bb5eebe9",
      "license": "GPL-3.0"
    }
  }
}
